hash: 21c7ee44eb31fc9d2cd3a0cb7adba830a0a36f0319b071870712571ca408a2ec
updated: 2019-12-02T11:58:42.213013674+11:00
imports:
- name: code.cloudfoundry.org/clock
  version: 02e53af36e6c978af692887ed449b74026d76fec
- name: contrib.go.opencensus.io/exporter/ocagent
  version: 8110e6c0236bb231b19119275a6be6ec666d05c8
- name: github.com/alecthomas/units
  version: c3de453c63f4bdb4dadffab9805ec00426c505f7
- name: github.com/apparentlymart/go-cidr
  version: c0fb5fbe0acb592411e2db59add389a43260ad44
  subpackages:
  - cidr
- name: github.com/appscode/jsonpatch
  version: 7f760186a63d02954613b9b22de68a5b2cb2b1bf
- name: github.com/Azure/azure-sdk-for-go
  version: 1951233eb944a49aa5f7278cba8e3e32a8c958af
  subpackages:
  - profiles/latest/network/mgmt/network
  - services/authorization/mgmt/2015-07-01/authorization
  - services/compute/mgmt/2018-10-01/compute
  - services/dns/mgmt/2017-10-01/dns
  - services/graphrbac/1.6/graphrbac
  - services/keyvault/2016-10-01/keyvault
  - services/keyvault/mgmt/2016-10-01/keyvault
  - services/network/mgmt/2018-06-01/network
  - services/network/mgmt/2018-07-01/network
  - services/network/mgmt/2018-10-01/network
  - services/preview/monitor/mgmt/2018-09-01/insights
  - services/preview/operationalinsights/mgmt/2015-11-01-preview/operationalinsights
  - services/resources/mgmt/2018-05-01/resources
  - services/storage/mgmt/2018-02-01/storage
  - storage
  - version
- name: github.com/Azure/go-autorest
  version: 528b76fd0ebec0682f3e3da7c808cd472b999615
  subpackages:
  - autorest
  - autorest/adal
  - autorest/azure
  - autorest/azure/auth
  - autorest/azure/cli
  - autorest/date
  - autorest/to
  - autorest/validation
  - logger
  - tracing
  - version
- name: github.com/beorn7/perks
  version: 4b2b341e8d7715fae06375aa633dbb6e91b3fb46
  subpackages:
  - quantile
- name: github.com/blang/semver
  version: b38d23b8782a487059e8fc8773e9a5b228a77cb6
- name: github.com/BurntSushi/toml
  version: 3012a1dbe2e4bd1391d42b32f0577cb7bbc7f005
- name: github.com/census-instrumentation/opencensus-proto
  version: 97194d1225539f817404bac07e965fd6d8f2a289
  subpackages:
  - gen-go/agent/common/v1
  - gen-go/agent/metrics/v1
  - gen-go/agent/trace/v1
  - gen-go/metrics/v1
  - gen-go/resource/v1
  - gen-go/trace/v1
- name: github.com/certifi/gocertifi
  version: deb3ae2ef2610fde3330947281941c562861188b
- name: github.com/cespare/xxhash
  version: 32f3a100fff237d14029d34ec8579ef02aaaf87c
- name: github.com/coreos/etcd
  version: 420a452267a7ce45b3fcbed04d54030d69964fc1
  subpackages:
  - auth/authpb
  - clientv3
  - etcdserver/api/v3rpc/rpctypes
  - etcdserver/etcdserverpb
  - mvcc/mvccpb
  - pkg/tlsutil
  - pkg/transport
  - pkg/types
- name: github.com/coreos/go-systemd
  version: 39ca1b05acc7ad1220e09f133283b8859a8b71ab
- name: github.com/davecgh/go-spew
  version: 8991bc29aa16c548c550c7ff78260e27b9ab7c73
  subpackages:
  - spew
- name: github.com/dgrijalva/jwt-go
  version: 06ea1031745cb8b3dab3f6a236daf2b0aa468b7e
- name: github.com/dimchansky/utfbom
  version: 6c6132ff69f0f6c088739067407b5d32c52e1d0f
- name: github.com/docker/distribution
  version: d4c35485a70df4dce2179bc227b1393a69edb809
  repo: https://github.com/openshift/docker-distribution.git
  subpackages:
  - digestset
  - reference
- name: github.com/getsentry/raven-go
  version: 32a13797442ccb601b11761d74232773c1402d14
- name: github.com/ghodss/yaml
  version: 0ca9ea5df5451ffdf184b4428c902747c2c11cd7
- name: github.com/go-chi/chi
  version: 08d9051ef6546d57c5dca8eae13e6df362e2d568
  subpackages:
  - middleware
- name: github.com/go-kit/kit
  version: 150a65a7ec6156b4b640c1fd55f26fd3d475d656
  subpackages:
  - log
  - log/level
- name: github.com/go-logfmt/logfmt
  version: 07c9b44f60d7ffdfb7d8efe1ad539965737836dc
- name: github.com/go-logr/logr
  version: 9fb12b3b21c5415d16ac18dc5cd42c1cfdd40c4e
- name: github.com/go-logr/zapr
  version: 7536572e8d55209135cd5e7ccf7fce43dca217ab
- name: github.com/gogo/protobuf
  version: c0656edd0d9eab7c66d1eb0c568f9039345796f7
  subpackages:
  - proto
  - sortkeys
- name: github.com/golang/glog
  version: 44145f04b68cf362d9c4df2182967c2275eaefed
- name: github.com/golang/groupcache
  version: 02826c3e79038b59d737d3b1c0a1d937f71a4433
  subpackages:
  - lru
- name: github.com/golang/mock
  version: 9fa652df1129bef0e734c9cf9bf6dbae9ef3b9fa
  subpackages:
  - gomock
  - mockgen/model
- name: github.com/golang/protobuf
  version: 6c65a5562fc06764971b7c5d05c76c75e84bdbf7
  subpackages:
  - descriptor
  - jsonpb
  - proto
  - protoc-gen-go/descriptor
  - ptypes
  - ptypes/any
  - ptypes/duration
  - ptypes/struct
  - ptypes/timestamp
  - ptypes/wrappers
- name: github.com/google/btree
  version: 7d79101e329e5a3adf994758c578dab82b90c017
- name: github.com/google/go-cmp
  version: 6f77996f0c42f7b84e5a2b252227263f93432e9b
  subpackages:
  - cmp
  - cmp/internal/diff
  - cmp/internal/flags
  - cmp/internal/function
  - cmp/internal/value
- name: github.com/google/go-github
  version: c756c329c19dbbadba0675b42af693093c3f2c45
  subpackages:
  - github
- name: github.com/google/go-querystring
  version: c8c88dbee036db4e4808d1f2ec8c2e15e11c3f80
  subpackages:
  - query
- name: github.com/google/gofuzz
  version: 44d81051d367757e1c7c6a5a86423ece9afcf63c
- name: github.com/google/uuid
  version: 8c31c18f31ede9fc8eae72290a7e7a8064e9b3e3
- name: github.com/googleapis/gnostic
  version: 0c5108395e2debce0d731cf0287ddf7242066aba
  subpackages:
  - OpenAPIv2
  - compiler
  - extensions
- name: github.com/gregjones/httpcache
  version: 787624de3eb7bd915c329cba748687a3b22666a6
  subpackages:
  - diskcache
- name: github.com/grpc-ecosystem/grpc-gateway
  version: f7120437bb4f6c71f7f5076ad65a45310de2c009
  subpackages:
  - internal
  - runtime
  - utilities
- name: github.com/hashicorp/golang-lru
  version: a0d98a5f288019575c6d1f4bb1573fef2d1fcdc4
  subpackages:
  - simplelru
- name: github.com/hpcloud/tail
  version: a30252cb686a21eb2d0b98132633053ec2f7f1e5
  subpackages:
  - ratelimiter
  - util
  - watch
  - winfile
- name: github.com/imdario/mergo
  version: 6633656539c1639d9d78127b7d47c622b5d7b6dc
- name: github.com/inconshreveable/mousetrap
  version: 76626ae9c91c4f2a10f34cad8ce83ea42c93bb75
- name: github.com/json-iterator/go
  version: f2b4162afba35581b6d4a50d3b8f34e33c144682
- name: github.com/kelseyhightower/envconfig
  version: 0b417c4ec4a8a82eecc22a1459a504aa55163d61
- name: github.com/konsorten/go-windows-terminal-sequences
  version: f55edac94c9bbba5d6182a4be46d86a2c9b5b50e
- name: github.com/kr/logfmt
  version: b84e30acd515aadc4b783ad4ff83aff3299bdfe0
- name: github.com/kubernetes-incubator/service-catalog
  version: f5f6c035710948527791bf2019b621a9746ab61a
  repo: https://github.com/openshift/service-catalog.git
  subpackages:
  - pkg/apis/servicecatalog
  - pkg/apis/servicecatalog/v1beta1
  - pkg/apis/settings
  - pkg/apis/settings/v1alpha1
  - pkg/client/clientset_generated/clientset/scheme
  - pkg/client/clientset_generated/clientset/typed/servicecatalog/v1beta1
  - pkg/filter
- name: github.com/marstr/guid
  version: 8bd9a64bf37eb297b492a4101fb28e80ac0b290f
- name: github.com/mattbaird/jsonpatch
  version: 81af80346b1a01caae0cbc27fd3c1ba5b11e189f
- name: github.com/matttproud/golang_protobuf_extensions
  version: fc2b8d3a73c4867e51861bbdd5ae3c1f0869dd6a
  subpackages:
  - pbutil
- name: github.com/microsoft/ApplicationInsights-Go
  version: 83da4dfd6ba2cd5f1a2bd83c931fa1dd7a419bd7
  subpackages:
  - appinsights
  - appinsights/contracts
- name: github.com/mitchellh/go-homedir
  version: af06845cf3004701891bf4fdb884bfe4920b3727
- name: github.com/modern-go/concurrent
  version: bacd9c7ef1dd9b15be4a9909b8ac7a4e313eec94
- name: github.com/modern-go/reflect2
  version: 05fbef0ca5da472bbf96c9322b84a53edc03c9fd
- name: github.com/oklog/ulid
  version: e51a56f2a4c1bf73c967ca6d45d5366bade31943
- name: github.com/onsi/ginkgo
  version: eea6ad008b96acdaa524f5b409513bf062b500ad
  subpackages:
  - config
  - internal/codelocation
  - internal/containernode
  - internal/failer
  - internal/leafnodes
  - internal/remote
  - internal/spec
  - internal/spec_iterator
  - internal/specrunner
  - internal/suite
  - internal/testingtproxy
  - internal/writer
  - reporters
  - reporters/stenographer
  - reporters/stenographer/support/go-colorable
  - reporters/stenographer/support/go-isatty
  - types
- name: github.com/onsi/gomega
  version: 90e289841c1ed79b7a598a7cd9959750cb5e89e2
  subpackages:
  - format
  - gstruct
  - gstruct/errors
  - internal/assertion
  - internal/asyncassertion
  - internal/oraclematcher
  - internal/testingtsupport
  - matchers
  - matchers/support/goraph/bipartitegraph
  - matchers/support/goraph/edge
  - matchers/support/goraph/node
  - matchers/support/goraph/util
  - types
- name: github.com/opencontainers/go-digest
  version: a6d0ee40d4207ea02364bd3b9e8e77b9159ba1eb
- name: github.com/openshift/api
  version: 8741ff068a473be041d7bafb4502c12e4f10aab5
  subpackages:
  - apps/v1
  - authorization/v1
  - build/v1
  - image
  - image/docker10
  - image/dockerpre012
  - image/v1
  - network/v1
  - oauth/v1
  - pkg/serialization
  - project/v1
  - quota/v1
  - route/v1
  - security
  - security/v1
  - template/v1
  - user/v1
- name: github.com/openshift/client-go
  version: 431ec9a26e5021f35fa41ee9a89842db9bfdb370
  subpackages:
  - apps/clientset/versioned/scheme
  - apps/clientset/versioned/typed/apps/v1
  - build/clientset/versioned/scheme
  - build/clientset/versioned/typed/build/v1
  - network/clientset/versioned/scheme
  - network/clientset/versioned/typed/network/v1
  - project/clientset/versioned/scheme
  - project/clientset/versioned/typed/project/v1
  - route/clientset/versioned/scheme
  - route/clientset/versioned/typed/route/v1
  - security/clientset/versioned
  - security/clientset/versioned/fake
  - security/clientset/versioned/scheme
  - security/clientset/versioned/typed/security/v1
  - security/clientset/versioned/typed/security/v1/fake
  - template/clientset/versioned/scheme
  - template/clientset/versioned/typed/template/v1
  - user/clientset/versioned
  - user/clientset/versioned/fake
  - user/clientset/versioned/scheme
  - user/clientset/versioned/typed/user/v1
  - user/clientset/versioned/typed/user/v1/fake
- name: github.com/openshift/kubernetes-metrics
  version: 685524df5cb7bf3d3a6cdc7e7045c8ad4f84792b
  subpackages:
  - pkg/client/clientset_generated/clientset/typed/metrics/v1beta1
- name: github.com/openshift/library-go
  version: 0b8367a4679859036c27a30dbe010d76409e7075
  subpackages:
  - pkg/serviceability
- name: github.com/openshift/origin
  version: 0731b2fcad40a90ddecbe3adf0880460389735cc
  subpackages:
  - pkg/api/apihelpers
  - pkg/api/install
  - pkg/apps/apis/apps
  - pkg/apps/apis/apps/install
  - pkg/apps/apis/apps/v1
  - pkg/authorization/apis/authorization
  - pkg/authorization/apis/authorization/install
  - pkg/authorization/apis/authorization/internal/serviceaccount
  - pkg/authorization/apis/authorization/rbacconversion
  - pkg/authorization/apis/authorization/v1
  - pkg/build/apis/build
  - pkg/build/apis/build/install
  - pkg/build/apis/build/internal_helpers
  - pkg/build/apis/build/v1
  - pkg/cmd/server/apis/config
  - pkg/cmd/server/apis/config/install
  - pkg/cmd/server/apis/config/v1
  - pkg/cmd/util
  - pkg/cmd/util/pem
  - pkg/image/apis/image
  - pkg/image/apis/image/docker10
  - pkg/image/apis/image/install
  - pkg/image/apis/image/reference
  - pkg/image/apis/image/v1
  - pkg/image/apiserver/admission/apis/imagepolicy
  - pkg/image/apiserver/admission/apis/imagepolicy/install
  - pkg/image/apiserver/admission/apis/imagepolicy/v1
  - pkg/image/internal/digest
  - pkg/image/internal/reference
  - pkg/network/apis/network
  - pkg/network/apis/network/install
  - pkg/network/apis/network/v1
  - pkg/network/apiserver/admission/apis/ingressadmission
  - pkg/network/apiserver/admission/apis/ingressadmission/install
  - pkg/network/apiserver/admission/apis/ingressadmission/v1
  - pkg/oauth/apis/oauth
  - pkg/oauth/apis/oauth/install
  - pkg/oauth/apis/oauth/v1
  - pkg/project/apis/project
  - pkg/project/apis/project/install
  - pkg/project/apis/project/v1
  - pkg/project/apiserver/admission/apis/requestlimit
  - pkg/project/apiserver/admission/apis/requestlimit/install
  - pkg/project/apiserver/admission/apis/requestlimit/v1
  - pkg/quota/apis/quota
  - pkg/quota/apis/quota/install
  - pkg/quota/apis/quota/v1
  - pkg/quota/apiserver/admission/apis/clusterresourceoverride
  - pkg/quota/apiserver/admission/apis/clusterresourceoverride/install
  - pkg/quota/apiserver/admission/apis/clusterresourceoverride/v1
  - pkg/quota/apiserver/admission/apis/runonceduration
  - pkg/quota/apiserver/admission/apis/runonceduration/install
  - pkg/quota/apiserver/admission/apis/runonceduration/v1
  - pkg/route/apis/route
  - pkg/route/apis/route/install
  - pkg/route/apis/route/v1
  - pkg/scheduler/admission/apis/podnodeconstraints
  - pkg/scheduler/admission/apis/podnodeconstraints/install
  - pkg/scheduler/admission/apis/podnodeconstraints/v1
  - pkg/security
  - pkg/security/apis/security
  - pkg/security/apis/security/install
  - pkg/security/apis/security/v1
  - pkg/security/apiserver/securitycontextconstraints
  - pkg/security/generated/listers/security/internalversion
  - pkg/security/securitycontextconstraints/capabilities
  - pkg/security/securitycontextconstraints/group
  - pkg/security/securitycontextconstraints/seccomp
  - pkg/security/securitycontextconstraints/selinux
  - pkg/security/securitycontextconstraints/user
  - pkg/security/securitycontextconstraints/util
  - pkg/security/uid
  - pkg/service/admission/apis/externalipranger
  - pkg/service/admission/apis/externalipranger/install
  - pkg/service/admission/apis/externalipranger/v1
  - pkg/service/admission/apis/restrictedendpoints
  - pkg/service/admission/apis/restrictedendpoints/install
  - pkg/service/admission/apis/restrictedendpoints/v1
  - pkg/template/apis/template
  - pkg/template/apis/template/install
  - pkg/template/apis/template/v1
  - pkg/user/apis/user
  - pkg/user/apis/user/install
  - pkg/user/apis/user/v1
  - pkg/user/apis/user/validation
- name: github.com/opentracing/opentracing-go
  version: 135aa78c6f95b4a199daf2f0470d231136cbbd0c
  subpackages:
  - log
- name: github.com/pborman/uuid
  version: adf5a7427709b9deb95d29d3fa8a2bf9cfd388f1
- name: github.com/peterbourgon/diskv
  version: 5f041e8faa004a95c88a202771f4cc3e991971e6
- name: github.com/pkg/errors
  version: 645ef00459ed84a119197bfb8d8205042c6df63d
- name: github.com/pkg/profile
  version: 057bc52a47ec3c79498dda63f4a6f8298725e976
- name: github.com/prometheus/client_golang
  version: 505eaef017263e299324067d40ca2c48f6a2cf50
  subpackages:
  - api
  - api/prometheus/v1
  - prometheus
  - prometheus/internal
  - prometheus/promauto
  - prometheus/promhttp
- name: github.com/prometheus/client_model
  version: 5c3871d89910bfb32f5fcab2aa4b9ec68e65a99f
  subpackages:
  - go
- name: github.com/prometheus/common
  version: 13ba4ddd0caa9c28ca7b7bffe1dfa9ed8d5ef207
  subpackages:
  - expfmt
  - internal/bitbucket.org/ww/goautoneg
  - model
- name: github.com/prometheus/procfs
  version: 65c1f6f8f0fc1e2185eb9863a3bc751496404259
  subpackages:
  - xfs
- name: github.com/prometheus/prometheus
  version: 4d60eb36dcbed725fcac5b27018574118f12fffb
  subpackages:
  - pkg/gate
  - pkg/labels
  - pkg/textparse
  - pkg/timestamp
  - pkg/value
  - promql
  - storage
  - storage/tsdb
  - util/stats
  - util/strutil
  - util/testutil
- name: github.com/prometheus/tsdb
  version: 8921f18eb3e34d1e2a752ae0df5bbb94dc367cc7
  subpackages:
  - chunkenc
  - chunks
  - encoding
  - fileutil
  - index
  - labels
  - wal
- name: github.com/satori/go.uuid
  version: f58768cc1a7a7e77a3bd49e98cdd21419399b6a3
- name: github.com/sirupsen/logrus
  version: 839c75faf7f98a33d445d181f3018b5c3409a45e
- name: github.com/spf13/cobra
  version: ef82de70bb3f60c65fb8eebacbb2d122ef517385
- name: github.com/spf13/pflag
  version: 583c0c0531f06d5278b7d917446061adc344b5cd
- name: go.opencensus.io
  version: df6e2001952312404b06f5f6f03fcb4aec1648e5
  subpackages:
  - internal
  - internal/tagencoding
  - metric/metricdata
  - metric/metricproducer
  - plugin/ocgrpc
  - plugin/ochttp
  - plugin/ochttp/propagation/b3
  - plugin/ochttp/propagation/tracecontext
  - resource
  - stats
  - stats/internal
  - stats/view
  - tag
  - trace
  - trace/internal
  - trace/propagation
  - trace/tracestate
- name: go.uber.org/atomic
  version: 40ae6a40a970ef4cdbffa7b24b280e316db8accc
- name: go.uber.org/multierr
  version: 824d08f79702fe5f54aca8400aa0d754318786e7
- name: go.uber.org/tools
  version: 2cfd321de3ee5d5f8a5fda2521d1703478334d98
  subpackages:
  - update-license
- name: go.uber.org/zap
  version: eeedf312bc6c57391d84767a4cd413f02a917974
  subpackages:
  - buffer
  - internal/bufferpool
  - internal/color
  - internal/exit
  - zapcore
- name: golang.org/x/crypto
  version: 49796115aa4b964c318aad4f3084fdb41e9aa067
  subpackages:
  - cast5
  - curve25519
  - ed25519
  - ed25519/internal/edwards25519
  - internal/chacha20
  - openpgp
  - openpgp/armor
  - openpgp/elgamal
  - openpgp/errors
  - openpgp/packet
  - openpgp/s2k
  - pkcs12
  - pkcs12/internal/rc2
  - poly1305
  - ssh
  - ssh/terminal
- name: golang.org/x/lint
  version: fdd1cda4f05fd1fd86124f0ef9ce31a0b72c8448
  subpackages:
  - golint
- name: golang.org/x/net
  version: ab555f366c4508dbe0802550b1b20c46c5c18aa0
  subpackages:
  - context
  - html
  - html/atom
  - html/charset
  - http2
  - http2/hpack
  - idna
  - internal/timeseries
  - lex/httplex
  - trace
  - websocket
- name: golang.org/x/oauth2
  version: a6bd8cefa1811bd24b86f8902872e4e8225f74c4
  subpackages:
  - internal
- name: golang.org/x/sync
  version: 42b317875d0fa942474b76e1b46a6060d720ae6e
  subpackages:
  - errgroup
  - semaphore
- name: golang.org/x/sys
  version: d69651ed3497faee15a5363a89578e9991f6d5e2
  subpackages:
  - unix
  - windows
- name: golang.org/x/text
  version: b19bf474d317b857955b12035d2c5acb57ce8b01
  subpackages:
  - encoding
  - encoding/charmap
  - encoding/htmlindex
  - encoding/internal
  - encoding/internal/identifier
  - encoding/japanese
  - encoding/korean
  - encoding/simplifiedchinese
  - encoding/traditionalchinese
  - encoding/unicode
  - internal/tag
  - internal/utf8internal
  - language
  - runes
  - secure/bidirule
  - transform
  - unicode/bidi
  - unicode/norm
- name: golang.org/x/time
  version: f51c12702a4d776e4c1fa9b0fabab841babae631
  subpackages:
  - rate
- name: golang.org/x/tools
  version: aa82965741a9fecd12b026fbb3d3c6ed3231b8f8
  subpackages:
  - go/analysis
  - go/analysis/passes/inspect
  - go/ast/astutil
  - go/ast/inspector
  - go/buildutil
  - go/gcexportdata
  - go/internal/cgo
  - go/internal/gcimporter
  - go/internal/packagesdriver
  - go/loader
  - go/packages
  - go/types/objectpath
  - go/types/typeutil
  - internal/fastwalk
  - internal/gopathwalk
  - internal/semver
- name: google.golang.org/api
  version: 8e296ef260056b6323d10727db40512dac6d92d5
  subpackages:
  - support/bundler
- name: google.golang.org/appengine
  version: 12d5545dc1cfa6047a286d5e853841b6471f4c19
  subpackages:
  - internal
  - internal/base
  - internal/datastore
  - internal/log
  - internal/remote_api
  - internal/urlfetch
  - urlfetch
- name: google.golang.org/genproto
  version: 09f6ed296fc66555a25fe4ce95173148778dfa85
  subpackages:
  - googleapis/api/annotations
  - googleapis/api/httpbody
  - googleapis/rpc/status
  - protobuf/field_mask
- name: google.golang.org/grpc
  version: 2e463a05d100327ca47ac218281906921038fd95
  subpackages:
  - balancer
  - balancer/base
  - balancer/roundrobin
  - codes
  - connectivity
  - credentials
  - encoding
  - encoding/proto
  - grpclog
  - health/grpc_health_v1
  - internal
  - internal/backoff
  - internal/channelz
  - internal/envconfig
  - internal/grpcrand
  - internal/transport
  - keepalive
  - metadata
  - naming
  - peer
  - resolver
  - resolver/dns
  - resolver/passthrough
  - stats
  - status
  - tap
- name: gopkg.in/fsnotify.v1
  version: 7be54206639f256967dd82fa767397ba5f8f48f5
- name: gopkg.in/inf.v0
  version: 3887ee99ecf07df5b447e9b00d9c0b2adaa9f3e4
- name: gopkg.in/tomb.v1
  version: c131134a1947e9afd9cecfe11f4c6dff0732ae58
- name: gopkg.in/yaml.v2
  version: 670d4cfef0544295bc27a114dbac37980d83185a
- name: honnef.co/go/tools
  version: dfe37feaecf7b73ce53f4fb8fa347265a77c6c4b
  subpackages:
  - arg
  - cmd/staticcheck
  - code
  - config
  - deprecated
  - edit
  - facts
  - functions
  - go/types/typeutil
  - internal/cache
  - internal/passes/buildir
  - internal/renameio
  - internal/robustio
  - internal/sharedcheck
  - ir
  - ir/irutil
  - lint
  - lint/lintdsl
  - lint/lintutil
  - lint/lintutil/format
  - loader
  - pattern
  - printf
  - report
  - simple
  - staticcheck
  - stylecheck
  - unused
  - version
- name: k8s.io/api
  version: 2d6f90ab1293a1fb871cf149423ebb72aa7423aa
  repo: https://github.com/openshift/kubernetes-api.git
  subpackages:
  - admission/v1beta1
  - admissionregistration/v1alpha1
  - admissionregistration/v1beta1
  - apps/v1
  - apps/v1beta1
  - apps/v1beta2
  - authentication/v1
  - authentication/v1beta1
  - authorization/v1
  - authorization/v1beta1
  - autoscaling/v1
  - autoscaling/v2beta1
  - batch/v1
  - batch/v1beta1
  - batch/v2alpha1
  - certificates/v1beta1
  - core/v1
  - events/v1beta1
  - extensions/v1beta1
  - imagepolicy/v1alpha1
  - networking/v1
  - policy/v1beta1
  - rbac/v1
  - rbac/v1alpha1
  - rbac/v1beta1
  - scheduling/v1alpha1
  - scheduling/v1beta1
  - settings/v1alpha1
  - storage/v1
  - storage/v1alpha1
  - storage/v1beta1
- name: k8s.io/apiextensions-apiserver
  version: 832cfda86122b2a2649270d9ca578bb6d9466308
  repo: https://github.com/openshift/apiextensions-apiserver.git
  subpackages:
  - pkg/apis/apiextensions
  - pkg/apis/apiextensions/install
  - pkg/apis/apiextensions/v1beta1
  - pkg/client/clientset/clientset
  - pkg/client/clientset/clientset/scheme
  - pkg/client/clientset/clientset/typed/apiextensions/v1beta1
  - pkg/features
- name: k8s.io/apimachinery
  version: 9e973fa2370e738e9c6ff94b061efa45c2c3bfa1
  repo: https://github.com/openshift/kubernetes-apimachinery.git
  subpackages:
  - pkg/api/equality
  - pkg/api/errors
  - pkg/api/meta
  - pkg/api/resource
  - pkg/api/validation
  - pkg/api/validation/path
  - pkg/apis/meta/internalversion
  - pkg/apis/meta/v1
  - pkg/apis/meta/v1/unstructured
  - pkg/apis/meta/v1/validation
  - pkg/apis/meta/v1beta1
  - pkg/conversion
  - pkg/conversion/queryparams
  - pkg/fields
  - pkg/labels
  - pkg/runtime
  - pkg/runtime/schema
  - pkg/runtime/serializer
  - pkg/runtime/serializer/json
  - pkg/runtime/serializer/protobuf
  - pkg/runtime/serializer/recognizer
  - pkg/runtime/serializer/streaming
  - pkg/runtime/serializer/versioning
  - pkg/selection
  - pkg/types
  - pkg/util/cache
  - pkg/util/clock
  - pkg/util/diff
  - pkg/util/errors
  - pkg/util/framer
  - pkg/util/intstr
  - pkg/util/json
  - pkg/util/mergepatch
  - pkg/util/naming
  - pkg/util/net
  - pkg/util/runtime
  - pkg/util/sets
  - pkg/util/strategicpatch
  - pkg/util/uuid
  - pkg/util/validation
  - pkg/util/validation/field
  - pkg/util/wait
  - pkg/util/yaml
  - pkg/version
  - pkg/watch
  - third_party/forked/golang/json
  - third_party/forked/golang/reflect
- name: k8s.io/apiserver
  version: f82dd9e18de043955b5032249835cff86c5bdf13
  repo: https://github.com/openshift/kubernetes-apiserver.git
  subpackages:
  - pkg/apis/apiserver
  - pkg/apis/apiserver/v1alpha1
  - pkg/apis/audit
  - pkg/apis/audit/v1alpha1
  - pkg/apis/audit/v1beta1
  - pkg/authentication/user
  - pkg/authorization/authorizer
  - pkg/features
  - pkg/util/feature
- name: k8s.io/client-go
  version: 007e8d95f7eee9c00b6fda00f151afcc5fe94945
  repo: https://github.com/openshift/kubernetes-client-go.git
  subpackages:
  - deprecated-dynamic
  - discovery
  - discovery/fake
  - dynamic
  - kubernetes
  - kubernetes/fake
  - kubernetes/scheme
  - kubernetes/typed/admissionregistration/v1alpha1
  - kubernetes/typed/admissionregistration/v1alpha1/fake
  - kubernetes/typed/admissionregistration/v1beta1
  - kubernetes/typed/admissionregistration/v1beta1/fake
  - kubernetes/typed/apps/v1
  - kubernetes/typed/apps/v1/fake
  - kubernetes/typed/apps/v1beta1
  - kubernetes/typed/apps/v1beta1/fake
  - kubernetes/typed/apps/v1beta2
  - kubernetes/typed/apps/v1beta2/fake
  - kubernetes/typed/authentication/v1
  - kubernetes/typed/authentication/v1/fake
  - kubernetes/typed/authentication/v1beta1
  - kubernetes/typed/authentication/v1beta1/fake
  - kubernetes/typed/authorization/v1
  - kubernetes/typed/authorization/v1/fake
  - kubernetes/typed/authorization/v1beta1
  - kubernetes/typed/authorization/v1beta1/fake
  - kubernetes/typed/autoscaling/v1
  - kubernetes/typed/autoscaling/v1/fake
  - kubernetes/typed/autoscaling/v2beta1
  - kubernetes/typed/autoscaling/v2beta1/fake
  - kubernetes/typed/batch/v1
  - kubernetes/typed/batch/v1/fake
  - kubernetes/typed/batch/v1beta1
  - kubernetes/typed/batch/v1beta1/fake
  - kubernetes/typed/batch/v2alpha1
  - kubernetes/typed/batch/v2alpha1/fake
  - kubernetes/typed/certificates/v1beta1
  - kubernetes/typed/certificates/v1beta1/fake
  - kubernetes/typed/core/v1
  - kubernetes/typed/core/v1/fake
  - kubernetes/typed/events/v1beta1
  - kubernetes/typed/events/v1beta1/fake
  - kubernetes/typed/extensions/v1beta1
  - kubernetes/typed/extensions/v1beta1/fake
  - kubernetes/typed/networking/v1
  - kubernetes/typed/networking/v1/fake
  - kubernetes/typed/policy/v1beta1
  - kubernetes/typed/policy/v1beta1/fake
  - kubernetes/typed/rbac/v1
  - kubernetes/typed/rbac/v1/fake
  - kubernetes/typed/rbac/v1alpha1
  - kubernetes/typed/rbac/v1alpha1/fake
  - kubernetes/typed/rbac/v1beta1
  - kubernetes/typed/rbac/v1beta1/fake
  - kubernetes/typed/scheduling/v1alpha1
  - kubernetes/typed/scheduling/v1alpha1/fake
  - kubernetes/typed/scheduling/v1beta1
  - kubernetes/typed/scheduling/v1beta1/fake
  - kubernetes/typed/settings/v1alpha1
  - kubernetes/typed/settings/v1alpha1/fake
  - kubernetes/typed/storage/v1
  - kubernetes/typed/storage/v1/fake
  - kubernetes/typed/storage/v1alpha1
  - kubernetes/typed/storage/v1alpha1/fake
  - kubernetes/typed/storage/v1beta1
  - kubernetes/typed/storage/v1beta1/fake
  - pkg/apis/clientauthentication
  - pkg/apis/clientauthentication/v1alpha1
  - pkg/apis/clientauthentication/v1beta1
  - pkg/version
  - plugin/pkg/client/auth/exec
  - rest
  - rest/watch
  - restmapper
  - testing
  - tools/auth
  - tools/cache
  - tools/clientcmd
  - tools/clientcmd/api
  - tools/clientcmd/api/latest
  - tools/clientcmd/api/v1
  - tools/leaderelection
  - tools/leaderelection/resourcelock
  - tools/metrics
  - tools/pager
  - tools/record
  - tools/reference
  - transport
  - util/buffer
  - util/cert
  - util/connrotation
  - util/flowcontrol
  - util/homedir
  - util/integer
  - util/retry
  - util/workqueue
- name: k8s.io/kube-aggregator
  version: cc081889587926b33190858514775486c407bbe7
  repo: https://github.com/openshift/kube-aggregator.git
  subpackages:
  - pkg/apis/apiregistration
  - pkg/apis/apiregistration/install
  - pkg/apis/apiregistration/v1
  - pkg/apis/apiregistration/v1beta1
  - pkg/client/clientset_generated/clientset
  - pkg/client/clientset_generated/clientset/scheme
  - pkg/client/clientset_generated/clientset/typed/apiregistration/v1
  - pkg/client/clientset_generated/clientset/typed/apiregistration/v1beta1
- name: k8s.io/kube-openapi
  version: 91cfa479c814065e420cee7ed227db0f63a5854e
  subpackages:
  - pkg/util/proto
- name: k8s.io/kubernetes
  version: 0d84639bd6fd5dd9dd64890165c5df6db60fc5be
  repo: https://github.com/openshift/kubernetes.git
  subpackages:
  - pkg/api/legacyscheme
  - pkg/api/ref
  - pkg/api/service
  - pkg/apis/admission
  - pkg/apis/admission/install
  - pkg/apis/admission/v1beta1
  - pkg/apis/admissionregistration
  - pkg/apis/admissionregistration/install
  - pkg/apis/admissionregistration/v1alpha1
  - pkg/apis/admissionregistration/v1beta1
  - pkg/apis/apps
  - pkg/apis/apps/install
  - pkg/apis/apps/v1
  - pkg/apis/apps/v1beta1
  - pkg/apis/apps/v1beta2
  - pkg/apis/authentication
  - pkg/apis/authentication/install
  - pkg/apis/authentication/v1
  - pkg/apis/authentication/v1beta1
  - pkg/apis/authorization
  - pkg/apis/authorization/install
  - pkg/apis/authorization/v1
  - pkg/apis/authorization/v1beta1
  - pkg/apis/autoscaling
  - pkg/apis/autoscaling/install
  - pkg/apis/autoscaling/v1
  - pkg/apis/autoscaling/v2beta1
  - pkg/apis/batch
  - pkg/apis/batch/install
  - pkg/apis/batch/v1
  - pkg/apis/batch/v1beta1
  - pkg/apis/batch/v2alpha1
  - pkg/apis/certificates
  - pkg/apis/certificates/install
  - pkg/apis/certificates/v1beta1
  - pkg/apis/componentconfig
  - pkg/apis/componentconfig/install
  - pkg/apis/componentconfig/v1alpha1
  - pkg/apis/core
  - pkg/apis/core/helper
  - pkg/apis/core/install
  - pkg/apis/core/pods
  - pkg/apis/core/v1
  - pkg/apis/core/v1/helper
  - pkg/apis/core/validation
  - pkg/apis/events
  - pkg/apis/events/install
  - pkg/apis/events/v1beta1
  - pkg/apis/extensions
  - pkg/apis/extensions/install
  - pkg/apis/extensions/v1beta1
  - pkg/apis/imagepolicy
  - pkg/apis/imagepolicy/install
  - pkg/apis/imagepolicy/v1alpha1
  - pkg/apis/networking
  - pkg/apis/networking/install
  - pkg/apis/networking/v1
  - pkg/apis/policy
  - pkg/apis/policy/install
  - pkg/apis/policy/v1beta1
  - pkg/apis/rbac
  - pkg/apis/rbac/install
  - pkg/apis/rbac/v1
  - pkg/apis/rbac/v1alpha1
  - pkg/apis/rbac/v1beta1
  - pkg/apis/scheduling
  - pkg/apis/scheduling/install
  - pkg/apis/scheduling/v1alpha1
  - pkg/apis/scheduling/v1beta1
  - pkg/apis/settings
  - pkg/apis/settings/install
  - pkg/apis/settings/v1alpha1
  - pkg/apis/storage
  - pkg/apis/storage/install
  - pkg/apis/storage/v1
  - pkg/apis/storage/v1alpha1
  - pkg/apis/storage/v1beta1
  - pkg/capabilities
  - pkg/client/clientset_generated/internalclientset
  - pkg/client/clientset_generated/internalclientset/fake
  - pkg/client/clientset_generated/internalclientset/scheme
  - pkg/client/clientset_generated/internalclientset/typed/admissionregistration/internalversion
  - pkg/client/clientset_generated/internalclientset/typed/admissionregistration/internalversion/fake
  - pkg/client/clientset_generated/internalclientset/typed/apps/internalversion
  - pkg/client/clientset_generated/internalclientset/typed/apps/internalversion/fake
  - pkg/client/clientset_generated/internalclientset/typed/authentication/internalversion
  - pkg/client/clientset_generated/internalclientset/typed/authentication/internalversion/fake
  - pkg/client/clientset_generated/internalclientset/typed/authorization/internalversion
  - pkg/client/clientset_generated/internalclientset/typed/authorization/internalversion/fake
  - pkg/client/clientset_generated/internalclientset/typed/autoscaling/internalversion
  - pkg/client/clientset_generated/internalclientset/typed/autoscaling/internalversion/fake
  - pkg/client/clientset_generated/internalclientset/typed/batch/internalversion
  - pkg/client/clientset_generated/internalclientset/typed/batch/internalversion/fake
  - pkg/client/clientset_generated/internalclientset/typed/certificates/internalversion
  - pkg/client/clientset_generated/internalclientset/typed/certificates/internalversion/fake
  - pkg/client/clientset_generated/internalclientset/typed/core/internalversion
  - pkg/client/clientset_generated/internalclientset/typed/core/internalversion/fake
  - pkg/client/clientset_generated/internalclientset/typed/events/internalversion
  - pkg/client/clientset_generated/internalclientset/typed/events/internalversion/fake
  - pkg/client/clientset_generated/internalclientset/typed/extensions/internalversion
  - pkg/client/clientset_generated/internalclientset/typed/extensions/internalversion/fake
  - pkg/client/clientset_generated/internalclientset/typed/networking/internalversion
  - pkg/client/clientset_generated/internalclientset/typed/networking/internalversion/fake
  - pkg/client/clientset_generated/internalclientset/typed/policy/internalversion
  - pkg/client/clientset_generated/internalclientset/typed/policy/internalversion/fake
  - pkg/client/clientset_generated/internalclientset/typed/rbac/internalversion
  - pkg/client/clientset_generated/internalclientset/typed/rbac/internalversion/fake
  - pkg/client/clientset_generated/internalclientset/typed/scheduling/internalversion
  - pkg/client/clientset_generated/internalclientset/typed/scheduling/internalversion/fake
  - pkg/client/clientset_generated/internalclientset/typed/settings/internalversion
  - pkg/client/clientset_generated/internalclientset/typed/settings/internalversion/fake
  - pkg/client/clientset_generated/internalclientset/typed/storage/internalversion
  - pkg/client/clientset_generated/internalclientset/typed/storage/internalversion/fake
  - pkg/features
  - pkg/fieldpath
  - pkg/kubelet/apis
  - pkg/kubelet/types
  - pkg/master/ports
  - pkg/security/apparmor
  - pkg/security/podsecuritypolicy/sysctl
  - pkg/securitycontext
  - pkg/util/file
  - pkg/util/maps
  - pkg/util/net/sets
  - pkg/util/parsers
  - pkg/util/pointer
- name: k8s.io/metrics
  version: 685524df5cb7bf3d3a6cdc7e7045c8ad4f84792b
  repo: https://github.com/openshift/kubernetes-metrics.git
  subpackages:
  - pkg/apis/metrics
  - pkg/apis/metrics/v1alpha1
  - pkg/apis/metrics/v1beta1
  - pkg/client/clientset_generated/clientset/scheme
- name: sigs.k8s.io/controller-runtime
  version: 5fd1e9e9fac5261e9ad9d47c375afc014fc31d21
  subpackages:
  - pkg/cache
  - pkg/cache/internal
  - pkg/client
  - pkg/client/apiutil
  - pkg/client/config
  - pkg/controller
  - pkg/event
  - pkg/handler
  - pkg/internal/controller
  - pkg/internal/recorder
  - pkg/leaderelection
  - pkg/manager
  - pkg/patch
  - pkg/predicate
  - pkg/reconcile
  - pkg/recorder
  - pkg/runtime/inject
  - pkg/runtime/log
  - pkg/runtime/signals
  - pkg/source
  - pkg/source/internal
  - pkg/webhook/admission
  - pkg/webhook/admission/types
  - pkg/webhook/types
testImports: []
