# This file is autogenerated, do not edit; changes may be undone by the next 'dep ensure'.


[[projects]]
  digest = "1:12deff417c2ed17a1656fc7eb90c7c5013e70a1b9b4a90ed5f1bf3d1687f57e3"
  name = "github.com/Azure/go-autorest"
  packages = ["autorest/to"]
  pruneopts = "UT"
  revision = "f29a2eccaa178b367df0405778cd85e0af7b4225"
  version = "v12.1.0"

[[projects]]
  digest = "1:b7a8552c62868d867795b63eaf4f45d3e92d36db82b428e680b9c95a8c33e5b1"
  name = "github.com/gogo/protobuf"
  packages = [
    "proto",
    "sortkeys",
  ]
  pruneopts = "UT"
  revision = "342cbe0a0415"

[[projects]]
  digest = "1:3ee90c0d94da31b442dde97c99635aaafec68d0b8a3c12ee2075c6bdabeec6bb"
  name = "github.com/google/gofuzz"
  packages = ["."]
  pruneopts = "UT"
  revision = "24818f796faf"

[[projects]]
  digest = "1:870d441fe217b8e689d7949fef6e43efbc787e50f200cb1e70dbca9204a1d6be"
  name = "github.com/inconshreveable/mousetrap"
  packages = ["."]
  pruneopts = "UT"
  revision = "76626ae9c91c4f2a10f34cad8ce83ea42c93bb75"
  version = "v1.0"

[[projects]]
  branch = "master"
  digest = "1:0a11d339bd5d58ed5ff45fe12f0d9d4644a062683493954d508aa7b986f4ea59"
  name = "github.com/openshift/installer"
  packages = [
    "pkg/ipnet",
    "pkg/types",
    "pkg/types/aws",
    "pkg/types/azure",
    "pkg/types/libvirt",
    "pkg/types/none",
    "pkg/types/openstack",
    "pkg/types/vsphere",
  ]
  pruneopts = "UT"
  revision = "0e4119dd152586a6cfed0f8bed512ceccbdfdac3"

[[projects]]
  digest = "1:cf31692c14422fa27c83a05292eb5cbe0fb2775972e8f1f8446a71549bd8980b"
  name = "github.com/pkg/errors"
  packages = ["."]
  pruneopts = "UT"
  revision = "ba968bfe8b2f7e042a574c888954fccecfa385b4"
  version = "v0.8.1"

[[projects]]
  digest = "1:22799aea8fe96dd5693abdd1eaa14b1b29e3eafbdc7733fa155b3cb556c8a7ae"
  name = "github.com/spf13/cobra"
  packages = ["."]
  pruneopts = "UT"
  revision = "67fc4837d267bc9bfd6e47f77783fcc3dffc68de"
  version = "v0.0.4"

[[projects]]
  digest = "1:c1b1102241e7f645bc8e0c22ae352e8f0dc6484b6cb4d132fa9f24174e0119e2"
  name = "github.com/spf13/pflag"
  packages = ["."]
  pruneopts = "UT"
  revision = "298182f68c66c05229eb03ac171abe6e309ee79a"
  version = "v1.0.3"

[[projects]]
  digest = "1:e480830d20470d74d24bc36a52d4152c420c2cab67503e54f8f08e2db52579c5"
  name = "golang.org/x/net"
  packages = [
    "http/httpguts",
    "http2",
    "http2/hpack",
    "idna",
  ]
  pruneopts = "UT"
  revision = "65e2d4e15006"

[[projects]]
  digest = "1:8d8faad6b12a3a4c819a3f9618cb6ee1fa1cfc33253abeeea8b55336721e3405"
  name = "golang.org/x/text"
  packages = [
    "collate",
    "collate/build",
    "internal/colltab",
    "internal/gen",
    "internal/language",
    "internal/language/compact",
    "internal/tag",
    "internal/triegen",
    "internal/ucd",
    "language",
    "secure/bidirule",
    "transform",
    "unicode/bidi",
    "unicode/cldr",
    "unicode/norm",
    "unicode/rangetable",
  ]
  pruneopts = "UT"
  revision = "342b2e1fbaa52c93f31447ad2c6abc048c63e475"
  version = "v0.3.2"

[[projects]]
  digest = "1:ef72505cf098abdd34efeea032103377bec06abb61d8a06f002d5d296a4b1185"
  name = "gopkg.in/inf.v0"
  packages = ["."]
  pruneopts = "UT"
  revision = "3887ee99ecf07df5b447e9b00d9c0b2adaa9f3e4"
  version = "v0.9.0"

[[projects]]
  branch = "master"
  digest = "1:2022b00be015f5951770c4acdd3d548d7536be6a73956b46d793e749c2f420e6"
  name = "k8s.io/apimachinery"
  packages = [
    "pkg/api/resource",
    "pkg/apis/meta/v1",
    "pkg/conversion",
    "pkg/conversion/queryparams",
    "pkg/fields",
    "pkg/labels",
    "pkg/runtime",
    "pkg/runtime/schema",
    "pkg/selection",
    "pkg/types",
    "pkg/util/errors",
    "pkg/util/intstr",
    "pkg/util/json",
    "pkg/util/naming",
    "pkg/util/net",
    "pkg/util/runtime",
    "pkg/util/sets",
    "pkg/util/validation",
    "pkg/util/validation/field",
    "pkg/watch",
    "third_party/forked/golang/reflect",
  ]
  pruneopts = "UT"
  revision = "5a6182816fbf93f38bdfa67086c53487f73d9945"

[[projects]]
  digest = "1:fa0be820e3b9d58b99264b0ca771ceeb36c7293f8409f70455d4a1e5253a87a0"
  name = "k8s.io/klog"
  packages = ["."]
  pruneopts = "UT"
  revision = "78315d914a8af2453db4864e69230b647b1ff711"
  version = "v0.3.2"

[solve-meta]
  analyzer-name = "dep"
  analyzer-version = 1
  input-imports = [
    "github.com/Azure/go-autorest/autorest/to",
    "github.com/openshift/installer/pkg/ipnet",
    "github.com/openshift/installer/pkg/types",
    "github.com/openshift/installer/pkg/types/azure",
    "github.com/spf13/cobra",
    "k8s.io/apimachinery/pkg/apis/meta/v1",
  ]
  solver-name = "gps-cdcl"
  solver-version = 1
